<Solution>
  <Folder Name="/01/">
    <Project Path="isNumberOddorNot/isNumberOddorNot.csproj" Id="e593976a-3182-47e3-ab26-3ea4f70c78a7" />
  </Folder>
  <Folder Name="/02/">
    <Project Path="themaximus/themaximus.csproj" Id="dc00a0d2-a992-4526-bfa4-8dac0be7a840" />
  </Folder>
  <Folder Name="/03/">
    <Project Path="themix/themix.csproj" Id="2038ef0e-eced-45ea-80ee-c5da5490b08e" />
  </Folder>
  <Folder Name="/04/">
    <Project Path="whoisshe/whoisshe.csproj" Id="009c8a36-0238-41c9-becd-f04fc7d60ee4" />
  </Folder>
  <Folder Name="/05/">
    <Project Path="the365days/the365days.csproj" Id="804d3536-f4ce-40e7-8933-f2dd14ef8301" />
  </Folder>
  <Folder Name="/06/">
    <Project Path="money/money.csproj" Id="8a3212f6-f390-400e-9a99-f3cced685dee" />
  </Folder>
  <Folder Name="/07/">
    <Project Path="Discounts/Discounts.csproj" Id="103e7f18-b185-4fd2-b18b-4df5e6eb5c07" />
  </Folder>
  <Folder Name="/Shared/">
    <Project Path="Shared/Shared.csproj" Id="716201f5-2764-4e83-8628-a1afc8cb7c8c" />
  </Folder>
</Solution>
